// !$*UTF8*$!
{
	archiveVersion = 1;
	classes = {
	};
	objectVersion = 56;
	objects = {

/* Begin PBXBuildFile section */
		054AA6A129AB8B2600C15490 /* MiniCinemaVideoPlayerApp.swift in Sources */ = {isa = PBXBuildFile; fileRef = 054AA6A029AB8B2600C15490 /* MiniCinemaVideoPlayerApp.swift */; };
		054AA6A329AB8B2600C15490 /* ContentView.swift in Sources */ = {isa = PBXBuildFile; fileRef = 054AA6A229AB8B2600C15490 /* ContentView.swift */; };
		054AA6A529AB8B2700C15490 /* Assets.xcassets in Resources */ = {isa = PBXBuildFile; fileRef = 054AA6A429AB8B2700C15490 /* Assets.xcassets */; };
		054AA6A829AB8B2700C15490 /* Preview Assets.xcassets in Resources */ = {isa = PBXBuildFile; fileRef = 054AA6A729AB8B2700C15490 /* Preview Assets.xcassets */; };
		054AA6B029AB8DA200C15490 /* QueryTag.swift in Sources */ = {isa = PBXBuildFile; fileRef = 054AA6AF29AB8DA200C15490 /* QueryTag.swift */; };
		054AA6B229AB8F3500C15490 /* VideoManager.swift in Sources */ = {isa = PBXBuildFile; fileRef = 054AA6B129AB8F3500C15490 /* VideoManager.swift */; };
		054AA6B529AB928900C15490 /* VideoCard.swift in Sources */ = {isa = PBXBuildFile; fileRef = 054AA6B429AB928900C15490 /* VideoCard.swift */; };
		054AA6B729AB99E500C15490 /* videoData.json in Resources */ = {isa = PBXBuildFile; fileRef = 054AA6B629AB99E500C15490 /* videoData.json */; };
		054AA6B929AB9A2900C15490 /* ModelData.swift in Sources */ = {isa = PBXBuildFile; fileRef = 054AA6B829AB9A2900C15490 /* ModelData.swift */; };
		054AA6BB29ABBCF400C15490 /* VideoView.swift in Sources */ = {isa = PBXBuildFile; fileRef = 054AA6BA29ABBCF400C15490 /* VideoView.swift */; };
		054C252529ABEE66008F55F4 /* LogoApp.swift in Sources */ = {isa = PBXBuildFile; fileRef = 054C252429ABEE66008F55F4 /* LogoApp.swift */; };
/* End PBXBuildFile section */

/* Begin PBXFileReference section */
		054AA69D29AB8B2600C15490 /* MiniCinemaVideoPlayer.app */ = {isa = PBXFileReference; explicitFileType = wrapper.application; includeInIndex = 0; path = MiniCinemaVideoPlayer.app; sourceTree = BUILT_PRODUCTS_DIR; };
		054AA6A029AB8B2600C15490 /* MiniCinemaVideoPlayerApp.swift */ = {isa = PBXFileReference; lastKnownFileType = sourcecode.swift; path = MiniCinemaVideoPlayerApp.swift; sourceTree = "<group>"; };
		054AA6A229AB8B2600C15490 /* ContentView.swift */ = {isa = PBXFileReference; lastKnownFileType = sourcecode.swift; path = ContentView.swift; sourceTree = "<group>"; };
		054AA6A429AB8B2700C15490 /* Assets.xcassets */ = {isa = PBXFileReference; lastKnownFileType = folder.assetcatalog; path = Assets.xcassets; sourceTree = "<group>"; };
		054AA6A729AB8B2700C15490 /* Preview Assets.xcassets */ = {isa = PBXFileReference; lastKnownFileType = folder.assetcatalog; path = "Preview Assets.xcassets"; sourceTree = "<group>"; };
		054AA6AF29AB8DA200C15490 /* QueryTag.swift */ = {isa = PBXFileReference; lastKnownFileType = sourcecode.swift; path = QueryTag.swift; sourceTree = "<group>"; };
		054AA6B129AB8F3500C15490 /* VideoManager.swift */ = {isa = PBXFileReference; lastKnownFileType = sourcecode.swift; path = VideoManager.swift; sourceTree = "<group>"; };
		054AA6B429AB928900C15490 /* VideoCard.swift */ = {isa = PBXFileReference; lastKnownFileType = sourcecode.swift; path = VideoCard.swift; sourceTree = "<group>"; };
		054AA6B629AB99E500C15490 /* videoData.json */ = {isa = PBXFileReference; fileEncoding = 4; lastKnownFileType = text.json; path = videoData.json; sourceTree = "<group>"; };
		054AA6B829AB9A2900C15490 /* ModelData.swift */ = {isa = PBXFileReference; lastKnownFileType = sourcecode.swift; path = ModelData.swift; sourceTree = "<group>"; };
		054AA6BA29ABBCF400C15490 /* VideoView.swift */ = {isa = PBXFileReference; lastKnownFileType = sourcecode.swift; path = VideoView.swift; sourceTree = "<group>"; };
		054C252429ABEE66008F55F4 /* LogoApp.swift */ = {isa = PBXFileReference; lastKnownFileType = sourcecode.swift; path = LogoApp.swift; sourceTree = "<group>"; };
/* End PBXFileReference section */

/* Begin PBXFrameworksBuildPhase section */
		054AA69A29AB8B2600C15490 /* Frameworks */ = {
			isa = PBXFrameworksBuildPhase;
			buildActionMask = 2147483647;
			files = (
			);
			runOnlyForDeploymentPostprocessing = 0;
		};
/* End PBXFrameworksBuildPhase section */

/* Begin PBXGroup section */
		054AA69429AB8B2600C15490 = {
			isa = PBXGroup;
			children = (
				054AA69F29AB8B2600C15490 /* MiniCinemaVideoPlayer */,
				054AA69E29AB8B2600C15490 /* Products */,
			);
			sourceTree = "<group>";
		};
		054AA69E29AB8B2600C15490 /* Products */ = {
			isa = PBXGroup;
			children = (
				054AA69D29AB8B2600C15490 /* MiniCinemaVideoPlayer.app */,
			);
			name = Products;
			sourceTree = "<group>";
		};
		054AA69F29AB8B2600C15490 /* MiniCinemaVideoPlayer */ = {
			isa = PBXGroup;
			children = (
				054AA6A029AB8B2600C15490 /* MiniCinemaVideoPlayerApp.swift */,
				054AA6B129AB8F3500C15490 /* VideoManager.swift */,
				054AA6B329AB902F00C15490 /* Views */,
				054AA6AE29AB8D6500C15490 /* Components */,
				054AA6A429AB8B2700C15490 /* Assets.xcassets */,
				054AA6A629AB8B2700C15490 /* Preview Content */,
			);
			path = MiniCinemaVideoPlayer;
			sourceTree = "<group>";
		};
		054AA6A629AB8B2700C15490 /* Preview Content */ = {
			isa = PBXGroup;
			children = (
				054AA6B629AB99E500C15490 /* videoData.json */,
				054AA6A729AB8B2700C15490 /* Preview Assets.xcassets */,
				054AA6B829AB9A2900C15490 /* ModelData.swift */,
			);
			path = "Preview Content";
			sourceTree = "<group>";
		};
		054AA6AE29AB8D6500C15490 /* Components */ = {
			isa = PBXGroup;
			children = (
				054AA6AF29AB8DA200C15490 /* QueryTag.swift */,
				054AA6B429AB928900C15490 /* VideoCard.swift */,
				054C252429ABEE66008F55F4 /* LogoApp.swift */,
			);
			path = Components;
			sourceTree = "<group>";
		};
		054AA6B329AB902F00C15490 /* Views */ = {
			isa = PBXGroup;
			children = (
				054AA6A229AB8B2600C15490 /* ContentView.swift */,
				054AA6BA29ABBCF400C15490 /* VideoView.swift */,
			);
			path = Views;
			sourceTree = "<group>";
		};
/* End PBXGroup section */

/* Begin PBXNativeTarget section */
		054AA69C29AB8B2600C15490 /* MiniCinemaVideoPlayer */ = {
			isa = PBXNativeTarget;
			buildConfigurationList = 054AA6AB29AB8B2700C15490 /* Build configuration list for PBXNativeTarget "MiniCinemaVideoPlayer" */;
			buildPhases = (
				054AA69929AB8B2600C15490 /* Sources */,
				054AA69A29AB8B2600C15490 /* Frameworks */,
				054AA69B29AB8B2600C15490 /* Resources */,
			);
			buildRules = (
			);
			dependencies = (
			);
			name = MiniCinemaVideoPlayer;
			productName = MiniCinemaVideoPlayer;
			productReference = 054AA69D29AB8B2600C15490 /* MiniCinemaVideoPlayer.app */;
			productType = "com.apple.product-type.application";
		};
/* End PBXNativeTarget section */

/* Begin PBXProject section */
		054AA69529AB8B2600C15490 /* Project object */ = {
			isa = PBXProject;
			attributes = {
				BuildIndependentTargetsInParallel = 1;
				LastSwiftUpdateCheck = 1410;
				LastUpgradeCheck = 1410;
				TargetAttributes = {
					054AA69C29AB8B2600C15490 = {
						CreatedOnToolsVersion = 14.1;
					};
				};
			};
			buildConfigurationList = 054AA69829AB8B2600C15490 /* Build configuration list for PBXProject "MiniCinemaVideoPlayer" */;
			compatibilityVersion = "Xcode 14.0";
			developmentRegion = en;
			hasScannedForEncodings = 0;
			knownRegions = (
				en,
				Base,
			);
			mainGroup = 054AA69429AB8B2600C15490;
			productRefGroup = 054AA69E29AB8B2600C15490 /* Products */;
			projectDirPath = "";
			projectRoot = "";
			targets = (
				054AA69C29AB8B2600C15490 /* MiniCinemaVideoPlayer */,
			);
		};
/* End PBXProject section */

/* Begin PBXResourcesBuildPhase section */
		054AA69B29AB8B2600C15490 /* Resources */ = {
			isa = PBXResourcesBuildPhase;
			buildActionMask = 2147483647;
			files = (
				054AA6A829AB8B2700C15490 /* Preview Assets.xcassets in Resources */,
				054AA6A529AB8B2700C15490 /* Assets.xcassets in Resources */,
				054AA6B729AB99E500C15490 /* videoData.json in Resources */,
			);
			runOnlyForDeploymentPostprocessing = 0;
		};
/* End PBXResourcesBuildPhase section */

/* Begin PBXSourcesBuildPhase section */
		054AA69929AB8B2600C15490 /* Sources */ = {
			isa = PBXSourcesBuildPhase;
			buildActionMask = 2147483647;
			files = (
				054AA6A329AB8B2600C15490 /* ContentView.swift in Sources */,
				054AA6BB29ABBCF400C15490 /* VideoView.swift in Sources */,
				054C252529ABEE66008F55F4 /* LogoApp.swift in Sources */,
				054AA6B529AB928900C15490 /* VideoCard.swift in Sources */,
				054AA6B029AB8DA200C15490 /* QueryTag.swift in Sources */,
				054AA6A129AB8B2600C15490 /* MiniCinemaVideoPlayerApp.swift in Sources */,
				054AA6B229AB8F3500C15490 /* VideoManager.swift in Sources */,
				054AA6B929AB9A2900C15490 /* ModelData.swift in Sources */,
			);
			runOnlyForDeploymentPostprocessing = 0;
		};
/* End PBXSourcesBuildPhase section */

/* Begin XCBuildConfiguration section */
		054AA6A929AB8B2700C15490 /* Debug */ = {
			isa = XCBuildConfiguration;
			buildSettings = {
				ALWAYS_SEARCH_USER_PATHS = NO;
				CLANG_ANALYZER_NONNULL = YES;
				CLANG_ANALYZER_NUMBER_OBJECT_CONVERSION = YES_AGGRESSIVE;
				CLANG_CXX_LANGUAGE_STANDARD = "gnu++20";
				CLANG_ENABLE_MODULES = YES;
				CLANG_ENABLE_OBJC_ARC = YES;
				CLANG_ENABLE_OBJC_WEAK = YES;
				CLANG_WARN_BLOCK_CAPTURE_AUTORELEASING = YES;
				CLANG_WARN_BOOL_CONVERSION = YES;
				CLANG_WARN_COMMA = YES;
				CLANG_WARN_CONSTANT_CONVERSION = YES;
				CLANG_WARN_DEPRECATED_OBJC_IMPLEMENTATIONS = YES;
				CLANG_WARN_DIRECT_OBJC_ISA_USAGE = YES_ERROR;
				CLANG_WARN_DOCUMENTATION_COMMENTS = YES;
				CLANG_WARN_EMPTY_BODY = YES;
				CLANG_WARN_ENUM_CONVERSION = YES;
				CLANG_WARN_INFINITE_RECURSION = YES;
				CLANG_WARN_INT_CONVERSION = YES;
				CLANG_WARN_NON_LITERAL_NULL_CONVERSION = YES;
				CLANG_WARN_OBJC_IMPLICIT_RETAIN_SELF = YES;
				CLANG_WARN_OBJC_LITERAL_CONVERSION = YES;
				CLANG_WARN_OBJC_ROOT_CLASS = YES_ERROR;
				CLANG_WARN_QUOTED_INCLUDE_IN_FRAMEWORK_HEADER = YES;
				CLANG_WARN_RANGE_LOOP_ANALYSIS = YES;
				CLANG_WARN_STRICT_PROTOTYPES = YES;
				CLANG_WARN_SUSPICIOUS_MOVE = YES;
				CLANG_WARN_UNGUARDED_AVAILABILITY = YES_AGGRESSIVE;
				CLANG_WARN_UNREACHABLE_CODE = YES;
				CLANG_WARN__DUPLICATE_METHOD_MATCH = YES;
				COPY_PHASE_STRIP = NO;
				DEBUG_INFORMATION_FORMAT = dwarf;
				ENABLE_STRICT_OBJC_MSGSEND = YES;
				ENABLE_TESTABILITY = YES;
				GCC_C_LANGUAGE_STANDARD = gnu11;
				GCC_DYNAMIC_NO_PIC = NO;
				GCC_NO_COMMON_BLOCKS = YES;
				GCC_OPTIMIZATION_LEVEL = 0;
				GCC_PREPROCESSOR_DEFINITIONS = (
					"DEBUG=1",
					"$(inherited)",
				);
				GCC_WARN_64_TO_32_BIT_CONVERSION = YES;
				GCC_WARN_ABOUT_RETURN_TYPE = YES_ERROR;
				GCC_WARN_UNDECLARED_SELECTOR = YES;
				GCC_WARN_UNINITIALIZED_AUTOS = YES_AGGRESSIVE;
				GCC_WARN_UNUSED_FUNCTION = YES;
				GCC_WARN_UNUSED_VARIABLE = YES;
				IPHONEOS_DEPLOYMENT_TARGET = 16.1;
				MTL_ENABLE_DEBUG_INFO = INCLUDE_SOURCE;
				MTL_FAST_MATH = YES;
				ONLY_ACTIVE_ARCH = YES;
				SDKROOT = iphoneos;
				SWIFT_ACTIVE_COMPILATION_CONDITIONS = DEBUG;
				SWIFT_OPTIMIZATION_LEVEL = "-Onone";
			};
			name = Debug;
		};
		054AA6AA29AB8B2700C15490 /* Release */ = {
			isa = XCBuildConfiguration;
			buildSettings = {
				ALWAYS_SEARCH_USER_PATHS = NO;
				CLANG_ANALYZER_NONNULL = YES;
				CLANG_ANALYZER_NUMBER_OBJECT_CONVERSION = YES_AGGRESSIVE;
				CLANG_CXX_LANGUAGE_STANDARD = "gnu++20";
				CLANG_ENABLE_MODULES = YES;
				CLANG_ENABLE_OBJC_ARC = YES;
				CLANG_ENABLE_OBJC_WEAK = YES;
				CLANG_WARN_BLOCK_CAPTURE_AUTORELEASING = YES;
				CLANG_WARN_BOOL_CONVERSION = YES;
				CLANG_WARN_COMMA = YES;
				CLANG_WARN_CONSTANT_CONVERSION = YES;
				CLANG_WARN_DEPRECATED_OBJC_IMPLEMENTATIONS = YES;
				CLANG_WARN_DIRECT_OBJC_ISA_USAGE = YES_ERROR;
				CLANG_WARN_DOCUMENTATION_COMMENTS = YES;
				CLANG_WARN_EMPTY_BODY = YES;
				CLANG_WARN_ENUM_CONVERSION = YES;
				CLANG_WARN_INFINITE_RECURSION = YES;
				CLANG_WARN_INT_CONVERSION = YES;
				CLANG_WARN_NON_LITERAL_NULL_CONVERSION = YES;
				CLANG_WARN_OBJC_IMPLICIT_RETAIN_SELF = YES;
				CLANG_WARN_OBJC_LITERAL_CONVERSION = YES;
				CLANG_WARN_OBJC_ROOT_CLASS = YES_ERROR;
				CLANG_WARN_QUOTED_INCLUDE_IN_FRAMEWORK_HEADER = YES;
				CLANG_WARN_RANGE_LOOP_ANALYSIS = YES;
				CLANG_WARN_STRICT_PROTOTYPES = YES;
				CLANG_WARN_SUSPICIOUS_MOVE = YES;
				CLANG_WARN_UNGUARDED_AVAILABILITY = YES_AGGRESSIVE;
				CLANG_WARN_UNREACHABLE_CODE = YES;
				CLANG_WARN__DUPLICATE_METHOD_MATCH = YES;
				COPY_PHASE_STRIP = NO;
				DEBUG_INFORMATION_FORMAT = "dwarf-with-dsym";
				ENABLE_NS_ASSERTIONS = NO;
				ENABLE_STRICT_OBJC_MSGSEND = YES;
				GCC_C_LANGUAGE_STANDARD = gnu11;
				GCC_NO_COMMON_BLOCKS = YES;
				GCC_WARN_64_TO_32_BIT_CONVERSION = YES;
				GCC_WARN_ABOUT_RETURN_TYPE = YES_ERROR;
				GCC_WARN_UNDECLARED_SELECTOR = YES;
				GCC_WARN_UNINITIALIZED_AUTOS = YES_AGGRESSIVE;
				GCC_WARN_UNUSED_FUNCTION = YES;
				GCC_WARN_UNUSED_VARIABLE = YES;
				IPHONEOS_DEPLOYMENT_TARGET = 16.1;
				MTL_ENABLE_DEBUG_INFO = NO;
				MTL_FAST_MATH = YES;
				SDKROOT = iphoneos;
				SWIFT_COMPILATION_MODE = wholemodule;
				SWIFT_OPTIMIZATION_LEVEL = "-O";
				VALIDATE_PRODUCT = YES;
			};
			name = Release;
		};
		054AA6AC29AB8B2700C15490 /* Debug */ = {
			isa = XCBuildConfiguration;
			buildSettings = {
				ASSETCATALOG_COMPILER_APPICON_NAME = AppIcon;
				ASSETCATALOG_COMPILER_GLOBAL_ACCENT_COLOR_NAME = AccentColor;
				CODE_SIGN_STYLE = Automatic;
				CURRENT_PROJECT_VERSION = 1;
				DEVELOPMENT_ASSET_PATHS = "\"MiniCinemaVideoPlayer/Preview Content\"";
				DEVELOPMENT_TEAM = SDG8Q2F8QF;
				ENABLE_PREVIEWS = YES;
				GENERATE_INFOPLIST_FILE = YES;
				INFOPLIST_KEY_UIApplicationSceneManifest_Generation = YES;
				INFOPLIST_KEY_UIApplicationSupportsIndirectInputEvents = YES;
				INFOPLIST_KEY_UILaunchScreen_Generation = YES;
				INFOPLIST_KEY_UISupportedInterfaceOrientations_iPad = "UIInterfaceOrientationPortrait UIInterfaceOrientationPortraitUpsideDown UIInterfaceOrientationLandscapeLeft UIInterfaceOrientationLandscapeRight";
				INFOPLIST_KEY_UISupportedInterfaceOrientations_iPhone = "UIInterfaceOrientationPortrait UIInterfaceOrientationLandscapeLeft UIInterfaceOrientationLandscapeRight";
				LD_RUNPATH_SEARCH_PATHS = (
					"$(inherited)",
					"@executable_path/Frameworks",
				);
				MARKETING_VERSION = 1.0;
				PRODUCT_BUNDLE_IDENTIFIER = TG.MiniCinemaVideoPlayer;
				PRODUCT_NAME = "$(TARGET_NAME)";
				SWIFT_EMIT_LOC_STRINGS = YES;
				SWIFT_VERSION = 5.0;
				TARGETED_DEVICE_FAMILY = "1,2";
			};
			name = Debug;
		};
		054AA6AD29AB8B2700C15490 /* Release */ = {
			isa = XCBuildConfiguration;
			buildSettings = {
				ASSETCATALOG_COMPILER_APPICON_NAME = AppIcon;
				ASSETCATALOG_COMPILER_GLOBAL_ACCENT_COLOR_NAME = AccentColor;
				CODE_SIGN_STYLE = Automatic;
				CURRENT_PROJECT_VERSION = 1;
				DEVELOPMENT_ASSET_PATHS = "\"MiniCinemaVideoPlayer/Preview Content\"";
				DEVELOPMENT_TEAM = SDG8Q2F8QF;
				ENABLE_PREVIEWS = YES;
				GENERATE_INFOPLIST_FILE = YES;
				INFOPLIST_KEY_UIApplicationSceneManifest_Generation = YES;
				INFOPLIST_KEY_UIApplicationSupportsIndirectInputEvents = YES;
				INFOPLIST_KEY_UILaunchScreen_Generation = YES;
				INFOPLIST_KEY_UISupportedInterfaceOrientations_iPad = "UIInterfaceOrientationPortrait UIInterfaceOrientationPortraitUpsideDown UIInterfaceOrientationLandscapeLeft UIInterfaceOrientationLandscapeRight";
				INFOPLIST_KEY_UISupportedInterfaceOrientations_iPhone = "UIInterfaceOrientationPortrait UIInterfaceOrientationLandscapeLeft UIInterfaceOrientationLandscapeRight";
				LD_RUNPATH_SEARCH_PATHS = (
					"$(inherited)",
					"@executable_path/Frameworks",
				);
				MARKETING_VERSION = 1.0;
				PRODUCT_BUNDLE_IDENTIFIER = TG.MiniCinemaVideoPlayer;
				PRODUCT_NAME = "$(TARGET_NAME)";
				SWIFT_EMIT_LOC_STRINGS = YES;
				SWIFT_VERSION = 5.0;
				TARGETED_DEVICE_FAMILY = "1,2";
			};
			name = Release;
		};
/* End XCBuildConfiguration section */

/* Begin XCConfigurationList section */
		054AA69829AB8B2600C15490 /* Build configuration list for PBXProject "MiniCinemaVideoPlayer" */ = {
			isa = XCConfigurationList;
			buildConfigurations = (
				054AA6A929AB8B2700C15490 /* Debug */,
				054AA6AA29AB8B2700C15490 /* Release */,
			);
			defaultConfigurationIsVisible = 0;
			defaultConfigurationName = Release;
		};
		054AA6AB29AB8B2700C15490 /* Build configuration list for PBXNativeTarget "MiniCinemaVideoPlayer" */ = {
			isa = XCConfigurationList;
			buildConfigurations = (
				054AA6AC29AB8B2700C15490 /* Debug */,
				054AA6AD29AB8B2700C15490 /* Release */,
			);
			defaultConfigurationIsVisible = 0;
			defaultConfigurationName = Release;
		};
/* End XCConfigurationList section */
	};
	rootObject = 054AA69529AB8B2600C15490 /* Project object */;
}
